Microsoft Visual Studio Solution File, Format Version 12.00
# Visual Studio 15
VisualStudioVersion = 15.0.26124.0
MinimumVisualStudioVersion = 15.0.26124.0
Project("{9A19103F-16F7-4668-BE54-9A1E7A4F7556}") = "SecretHandshake", "SecretHandshake\SecretHandshake.csproj", "{0796EE64-A140-45D4-8A43-5EA4BCE9C2A7}"
EndProject
Project("{9A19103F-16F7-4668-BE54-9A1E7A4F7556}") = "SecretHandshake.Tests", "SecretHandshake.Tests\SecretHandshake.Tests.csproj", "{68C2B273-2DB9-48E6-BBA7-81CAFF19B0D8}"
EndProject
Project("{2150E333-8FDC-42A3-9474-1A3956D46DE8}") = "Solution Items", "Solution Items", "{372BEECE-B1D8-4CB2-BF2F-819EE1AD0021}"
	ProjectSection(SolutionItems) = preProject
		.gitignore = .gitignore
		README.md = README.md
	EndProjectSection
EndProject
Global
	GlobalSection(SolutionConfigurationPlatforms) = preSolution
		Debug|Any CPU = Debug|Any CPU
		Debug|x64 = Debug|x64
		Debug|x86 = Debug|x86
		Release|Any CPU = Release|Any CPU
		Release|x64 = Release|x64
		Release|x86 = Release|x86
	EndGlobalSection
	GlobalSection(ProjectConfigurationPlatforms) = postSolution
		{0796EE64-A140-45D4-8A43-5EA4BCE9C2A7}.Debug|Any CPU.ActiveCfg = Debug|Any CPU
		{0796EE64-A140-45D4-8A43-5EA4BCE9C2A7}.Debug|Any CPU.Build.0 = Debug|Any CPU
		{0796EE64-A140-45D4-8A43-5EA4BCE9C2A7}.Debug|x64.ActiveCfg = Debug|Any CPU
		{0796EE64-A140-45D4-8A43-5EA4BCE9C2A7}.Debug|x64.Build.0 = Debug|Any CPU
		{0796EE64-A140-45D4-8A43-5EA4BCE9C2A7}.Debug|x86.ActiveCfg = Debug|Any CPU
		{0796EE64-A140-45D4-8A43-5EA4BCE9C2A7}.Debug|x86.Build.0 = Debug|Any CPU
		{0796EE64-A140-45D4-8A43-5EA4BCE9C2A7}.Release|Any CPU.ActiveCfg = Release|Any CPU
		{0796EE64-A140-45D4-8A43-5EA4BCE9C2A7}.Release|Any CPU.Build.0 = Release|Any CPU
		{0796EE64-A140-45D4-8A43-5EA4BCE9C2A7}.Release|x64.ActiveCfg = Release|Any CPU
		{0796EE64-A140-45D4-8A43-5EA4BCE9C2A7}.Release|x64.Build.0 = Release|Any CPU
		{0796EE64-A140-45D4-8A43-5EA4BCE9C2A7}.Release|x86.ActiveCfg = Release|Any CPU
		{0796EE64-A140-45D4-8A43-5EA4BCE9C2A7}.Release|x86.Build.0 = Release|Any CPU
		{68C2B273-2DB9-48E6-BBA7-81CAFF19B0D8}.Debug|Any CPU.ActiveCfg = Debug|Any CPU
		{68C2B273-2DB9-48E6-BBA7-81CAFF19B0D8}.Debug|Any CPU.Build.0 = Debug|Any CPU
		{68C2B273-2DB9-48E6-BBA7-81CAFF19B0D8}.Debug|x64.ActiveCfg = Debug|Any CPU
		{68C2B273-2DB9-48E6-BBA7-81CAFF19B0D8}.Debug|x64.Build.0 = Debug|Any CPU
		{68C2B273-2DB9-48E6-BBA7-81CAFF19B0D8}.Debug|x86.ActiveCfg = Debug|Any CPU
		{68C2B273-2DB9-48E6-BBA7-81CAFF19B0D8}.Debug|x86.Build.0 = Debug|Any CPU
		{68C2B273-2DB9-48E6-BBA7-81CAFF19B0D8}.Release|Any CPU.ActiveCfg = Release|Any CPU
		{68C2B273-2DB9-48E6-BBA7-81CAFF19B0D8}.Release|Any CPU.Build.0 = Release|Any CPU
		{68C2B273-2DB9-48E6-BBA7-81CAFF19B0D8}.Release|x64.ActiveCfg = Release|Any CPU
		{68C2B273-2DB9-48E6-BBA7-81CAFF19B0D8}.Release|x64.Build.0 = Release|Any CPU
		{68C2B273-2DB9-48E6-BBA7-81CAFF19B0D8}.Release|x86.ActiveCfg = Release|Any CPU
		{68C2B273-2DB9-48E6-BBA7-81CAFF19B0D8}.Release|x86.Build.0 = Release|Any CPU
	EndGlobalSection
	GlobalSection(SolutionProperties) = preSolution
		HideSolutionNode = FALSE
	EndGlobalSection
	GlobalSection(ExtensibilityGlobals) = postSolution
		SolutionGuid = {5DE5C4AA-276D-482C-A50F-173DDEDBC5FE}
	EndGlobalSection
EndGlobal
